// !$*UTF8*$!
{
	archiveVersion = 1;
	classes = {
	};
	objectVersion = 56;
	objects = {

/* Begin PBXBuildFile section */
		0408D66C2C5A7FC500D6A94D /* IconCollectionViewCell.swift in Sources */ = {isa = PBXBuildFile; fileRef = 0408D66B2C5A7FC500D6A94D /* IconCollectionViewCell.swift */; };
		0408D66E2C5A801200D6A94D /* IconPickerViewController.swift in Sources */ = {isa = PBXBuildFile; fileRef = 0408D66D2C5A801200D6A94D /* IconPickerViewController.swift */; };
		0417FB732C512874005E31E4 /* SettingsScreenViewController.swift in Sources */ = {isa = PBXBuildFile; fileRef = 0417FB722C512874005E31E4 /* SettingsScreenViewController.swift */; };
		0417FB762C512910005E31E4 /* ProfileTableViewCell.swift in Sources */ = {isa = PBXBuildFile; fileRef = 0417FB752C512910005E31E4 /* ProfileTableViewCell.swift */; };
		0417FB782C512974005E31E4 /* SettingsTableViewCell.swift in Sources */ = {isa = PBXBuildFile; fileRef = 0417FB772C512974005E31E4 /* SettingsTableViewCell.swift */; };
		0417FB7F2C515E18005E31E4 /* PostCardView.swift in Sources */ = {isa = PBXBuildFile; fileRef = 0417FB7E2C515E18005E31E4 /* PostCardView.swift */; };
		0417FB812C515E45005E31E4 /* PostsViewController.swift in Sources */ = {isa = PBXBuildFile; fileRef = 0417FB802C515E44005E31E4 /* PostsViewController.swift */; };
		0462EEDB2C52086A000F775D /* SectionHeaderView.swift in Sources */ = {isa = PBXBuildFile; fileRef = 0462EEDA2C52086A000F775D /* SectionHeaderView.swift */; };
		0462EEE02C53C92B000F775D /* LogoutTableViewCell.swift in Sources */ = {isa = PBXBuildFile; fileRef = 0462EEDF2C53C92B000F775D /* LogoutTableViewCell.swift */; };
		0462EEE22C551790000F775D /* CollectionTableViewCell.swift in Sources */ = {isa = PBXBuildFile; fileRef = 0462EEE12C551790000F775D /* CollectionTableViewCell.swift */; };
		0462EEE42C5517CE000F775D /* DisplayViewController.swift in Sources */ = {isa = PBXBuildFile; fileRef = 0462EEE32C5517CE000F775D /* DisplayViewController.swift */; };
		0462EEE62C551A49000F775D /* SectionsHeaderView.swift in Sources */ = {isa = PBXBuildFile; fileRef = 0462EEE52C551A49000F775D /* SectionsHeaderView.swift */; };
		0462EEE82C58B184000F775D /* DashboardViewController.swift in Sources */ = {isa = PBXBuildFile; fileRef = 0462EEE72C58B184000F775D /* DashboardViewController.swift */; };
		0462EEEB2C58E5F8000F775D /* ExpenseCategory.xcdatamodeld in Sources */ = {isa = PBXBuildFile; fileRef = 0462EEE92C58E5F7000F775D /* ExpenseCategory.xcdatamodeld */; };
		0462EEED2C58E941000F775D /* CreateCategoryViewController.swift in Sources */ = {isa = PBXBuildFile; fileRef = 0462EEEC2C58E941000F775D /* CreateCategoryViewController.swift */; };
		0462EEEF2C596EE7000F775D /* CustomDropDownCell.swift in Sources */ = {isa = PBXBuildFile; fileRef = 0462EEEE2C596EE7000F775D /* CustomDropDownCell.swift */; };
		04836BCE2C42D0D10003EDC3 /* AppDelegate.swift in Sources */ = {isa = PBXBuildFile; fileRef = 04836BCD2C42D0D10003EDC3 /* AppDelegate.swift */; };
		04836BD02C42D0D10003EDC3 /* SceneDelegate.swift in Sources */ = {isa = PBXBuildFile; fileRef = 04836BCF2C42D0D10003EDC3 /* SceneDelegate.swift */; };
		04836BD22C42D0D10003EDC3 /* ViewController.swift in Sources */ = {isa = PBXBuildFile; fileRef = 04836BD12C42D0D10003EDC3 /* ViewController.swift */; };
		04836BD52C42D0D10003EDC3 /* Base in Resources */ = {isa = PBXBuildFile; fileRef = 04836BD42C42D0D10003EDC3 /* Base */; };
		04836BD72C42D0D20003EDC3 /* Assets.xcassets in Resources */ = {isa = PBXBuildFile; fileRef = 04836BD62C42D0D20003EDC3 /* Assets.xcassets */; };
		04836BDA2C42D0D20003EDC3 /* Base in Resources */ = {isa = PBXBuildFile; fileRef = 04836BD92C42D0D20003EDC3 /* Base */; };
		04836BE52C42D4E50003EDC3 /* SignupScreenViewController.swift in Sources */ = {isa = PBXBuildFile; fileRef = 04836BE32C42D4E50003EDC3 /* SignupScreenViewController.swift */; };
		04836BE62C42D4E50003EDC3 /* SiginScreenViewController.swift in Sources */ = {isa = PBXBuildFile; fileRef = 04836BE42C42D4E50003EDC3 /* SiginScreenViewController.swift */; };
		04836BEC2C42D67A0003EDC3 /* color.swift in Sources */ = {isa = PBXBuildFile; fileRef = 04836BEB2C42D67A0003EDC3 /* color.swift */; };
		04836BEE2C44C8EA0003EDC3 /* VerifyCodeViewController.swift in Sources */ = {isa = PBXBuildFile; fileRef = 04836BED2C44C8EA0003EDC3 /* VerifyCodeViewController.swift */; };
		04836BF02C44CD0B0003EDC3 /* ForgotPasswordViewController.swift in Sources */ = {isa = PBXBuildFile; fileRef = 04836BEF2C44CD0B0003EDC3 /* ForgotPasswordViewController.swift */; };
		04E59AC32C4CC5E500DE5DCE /* TestViewController.swift in Sources */ = {isa = PBXBuildFile; fileRef = 04E59AC22C4CC5E500DE5DCE /* TestViewController.swift */; };
		04E59AC82C4CC77B00DE5DCE /* PaddedTableViewCell.swift in Sources */ = {isa = PBXBuildFile; fileRef = 04E59AC72C4CC77B00DE5DCE /* PaddedTableViewCell.swift */; };
		04F94D232C47A6FF00C6E3E7 /* CreateNewPasswordViewController.swift in Sources */ = {isa = PBXBuildFile; fileRef = 04F94D222C47A6FF00C6E3E7 /* CreateNewPasswordViewController.swift */; };
		04F94D272C49734500C6E3E7 /* SettingViewController.swift in Sources */ = {isa = PBXBuildFile; fileRef = 04F94D262C49734500C6E3E7 /* SettingViewController.swift */; };
		04F94D292C49922300C6E3E7 /* SettingTableViewCell.swift in Sources */ = {isa = PBXBuildFile; fileRef = 04F94D282C49922300C6E3E7 /* SettingTableViewCell.swift */; };
		04F94D2B2C49987600C6E3E7 /* MainTabBarViewController.swift in Sources */ = {isa = PBXBuildFile; fileRef = 04F94D2A2C49987600C6E3E7 /* MainTabBarViewController.swift */; };
		04F94D2D2C4998CB00C6E3E7 /* HomeViewController.swift in Sources */ = {isa = PBXBuildFile; fileRef = 04F94D2C2C4998CB00C6E3E7 /* HomeViewController.swift */; };
		4B6EAE32C038332E7AA722D1 /* Pods_FinalProject.framework in Frameworks */ = {isa = PBXBuildFile; fileRef = 2AE9C793A3809B6308E15EA0 /* Pods_FinalProject.framework */; };
/* End PBXBuildFile section */

/* Begin PBXFileReference section */
		0408D66B2C5A7FC500D6A94D /* IconCollectionViewCell.swift */ = {isa = PBXFileReference; lastKnownFileType = sourcecode.swift; path = IconCollectionViewCell.swift; sourceTree = "<group>"; };
		0408D66D2C5A801200D6A94D /* IconPickerViewController.swift */ = {isa = PBXFileReference; lastKnownFileType = sourcecode.swift; path = IconPickerViewController.swift; sourceTree = "<group>"; };
		0417FB722C512874005E31E4 /* SettingsScreenViewController.swift */ = {isa = PBXFileReference; lastKnownFileType = sourcecode.swift; path = SettingsScreenViewController.swift; sourceTree = "<group>"; };
		0417FB752C512910005E31E4 /* ProfileTableViewCell.swift */ = {isa = PBXFileReference; lastKnownFileType = sourcecode.swift; path = ProfileTableViewCell.swift; sourceTree = "<group>"; };
		0417FB772C512974005E31E4 /* SettingsTableViewCell.swift */ = {isa = PBXFileReference; lastKnownFileType = sourcecode.swift; path = SettingsTableViewCell.swift; sourceTree = "<group>"; };
		0417FB7E2C515E18005E31E4 /* PostCardView.swift */ = {isa = PBXFileReference; lastKnownFileType = sourcecode.swift; path = PostCardView.swift; sourceTree = "<group>"; };
		0417FB802C515E44005E31E4 /* PostsViewController.swift */ = {isa = PBXFileReference; lastKnownFileType = sourcecode.swift; path = PostsViewController.swift; sourceTree = "<group>"; };
		0462EEDA2C52086A000F775D /* SectionHeaderView.swift */ = {isa = PBXFileReference; lastKnownFileType = sourcecode.swift; path = SectionHeaderView.swift; sourceTree = "<group>"; };
		0462EEDF2C53C92B000F775D /* LogoutTableViewCell.swift */ = {isa = PBXFileReference; lastKnownFileType = sourcecode.swift; path = LogoutTableViewCell.swift; sourceTree = "<group>"; };
		0462EEE12C551790000F775D /* CollectionTableViewCell.swift */ = {isa = PBXFileReference; lastKnownFileType = sourcecode.swift; path = CollectionTableViewCell.swift; sourceTree = "<group>"; };
		0462EEE32C5517CE000F775D /* DisplayViewController.swift */ = {isa = PBXFileReference; lastKnownFileType = sourcecode.swift; path = DisplayViewController.swift; sourceTree = "<group>"; };
		0462EEE52C551A49000F775D /* SectionsHeaderView.swift */ = {isa = PBXFileReference; lastKnownFileType = sourcecode.swift; path = SectionsHeaderView.swift; sourceTree = "<group>"; };
		0462EEE72C58B184000F775D /* DashboardViewController.swift */ = {isa = PBXFileReference; lastKnownFileType = sourcecode.swift; path = DashboardViewController.swift; sourceTree = "<group>"; };
		0462EEEA2C58E5F8000F775D /* ExpenseCategory.xcdatamodel */ = {isa = PBXFileReference; lastKnownFileType = wrapper.xcdatamodel; path = ExpenseCategory.xcdatamodel; sourceTree = "<group>"; };
		0462EEEC2C58E941000F775D /* CreateCategoryViewController.swift */ = {isa = PBXFileReference; lastKnownFileType = sourcecode.swift; path = CreateCategoryViewController.swift; sourceTree = "<group>"; };
		0462EEEE2C596EE7000F775D /* CustomDropDownCell.swift */ = {isa = PBXFileReference; lastKnownFileType = sourcecode.swift; path = CustomDropDownCell.swift; sourceTree = "<group>"; };
		04836BCA2C42D0D10003EDC3 /* FinalProject.app */ = {isa = PBXFileReference; explicitFileType = wrapper.application; includeInIndex = 0; path = FinalProject.app; sourceTree = BUILT_PRODUCTS_DIR; };
		04836BCD2C42D0D10003EDC3 /* AppDelegate.swift */ = {isa = PBXFileReference; lastKnownFileType = sourcecode.swift; path = AppDelegate.swift; sourceTree = "<group>"; };
		04836BCF2C42D0D10003EDC3 /* SceneDelegate.swift */ = {isa = PBXFileReference; lastKnownFileType = sourcecode.swift; path = SceneDelegate.swift; sourceTree = "<group>"; };
		04836BD12C42D0D10003EDC3 /* ViewController.swift */ = {isa = PBXFileReference; lastKnownFileType = sourcecode.swift; path = ViewController.swift; sourceTree = "<group>"; };
		04836BD42C42D0D10003EDC3 /* Base */ = {isa = PBXFileReference; lastKnownFileType = file.storyboard; name = Base; path = Base.lproj/Main.storyboard; sourceTree = "<group>"; };
		04836BD62C42D0D20003EDC3 /* Assets.xcassets */ = {isa = PBXFileReference; lastKnownFileType = folder.assetcatalog; path = Assets.xcassets; sourceTree = "<group>"; };
		04836BD92C42D0D20003EDC3 /* Base */ = {isa = PBXFileReference; lastKnownFileType = file.storyboard; name = Base; path = Base.lproj/LaunchScreen.storyboard; sourceTree = "<group>"; };
		04836BDB2C42D0D20003EDC3 /* Info.plist */ = {isa = PBXFileReference; lastKnownFileType = text.plist.xml; path = Info.plist; sourceTree = "<group>"; };
		04836BE32C42D4E50003EDC3 /* SignupScreenViewController.swift */ = {isa = PBXFileReference; fileEncoding = 4; lastKnownFileType = sourcecode.swift; path = SignupScreenViewController.swift; sourceTree = "<group>"; };
		04836BE42C42D4E50003EDC3 /* SiginScreenViewController.swift */ = {isa = PBXFileReference; fileEncoding = 4; lastKnownFileType = sourcecode.swift; path = SiginScreenViewController.swift; sourceTree = "<group>"; };
		04836BEB2C42D67A0003EDC3 /* color.swift */ = {isa = PBXFileReference; lastKnownFileType = sourcecode.swift; path = color.swift; sourceTree = "<group>"; };
		04836BED2C44C8EA0003EDC3 /* VerifyCodeViewController.swift */ = {isa = PBXFileReference; fileEncoding = 4; lastKnownFileType = sourcecode.swift; path = VerifyCodeViewController.swift; sourceTree = "<group>"; };
		04836BEF2C44CD0B0003EDC3 /* ForgotPasswordViewController.swift */ = {isa = PBXFileReference; lastKnownFileType = sourcecode.swift; path = ForgotPasswordViewController.swift; sourceTree = "<group>"; };
		04E59AC02C4CBB6900DE5DCE /* FinalProjectDebug.entitlements */ = {isa = PBXFileReference; lastKnownFileType = text.plist.entitlements; path = FinalProjectDebug.entitlements; sourceTree = "<group>"; };
		04E59AC22C4CC5E500DE5DCE /* TestViewController.swift */ = {isa = PBXFileReference; lastKnownFileType = sourcecode.swift; path = TestViewController.swift; sourceTree = "<group>"; };
		04E59AC72C4CC77B00DE5DCE /* PaddedTableViewCell.swift */ = {isa = PBXFileReference; lastKnownFileType = sourcecode.swift; path = PaddedTableViewCell.swift; sourceTree = "<group>"; };
		04F94D222C47A6FF00C6E3E7 /* CreateNewPasswordViewController.swift */ = {isa = PBXFileReference; lastKnownFileType = sourcecode.swift; path = CreateNewPasswordViewController.swift; sourceTree = "<group>"; };
		04F94D262C49734500C6E3E7 /* SettingViewController.swift */ = {isa = PBXFileReference; lastKnownFileType = sourcecode.swift; path = SettingViewController.swift; sourceTree = "<group>"; };
		04F94D282C49922300C6E3E7 /* SettingTableViewCell.swift */ = {isa = PBXFileReference; lastKnownFileType = sourcecode.swift; path = SettingTableViewCell.swift; sourceTree = "<group>"; };
		04F94D2A2C49987600C6E3E7 /* MainTabBarViewController.swift */ = {isa = PBXFileReference; lastKnownFileType = sourcecode.swift; path = MainTabBarViewController.swift; sourceTree = "<group>"; };
		04F94D2C2C4998CB00C6E3E7 /* HomeViewController.swift */ = {isa = PBXFileReference; lastKnownFileType = sourcecode.swift; path = HomeViewController.swift; sourceTree = "<group>"; };
		25654302EECC61CE4DE76F03 /* Pods-FinalProject.debug.xcconfig */ = {isa = PBXFileReference; includeInIndex = 1; lastKnownFileType = text.xcconfig; name = "Pods-FinalProject.debug.xcconfig"; path = "Target Support Files/Pods-FinalProject/Pods-FinalProject.debug.xcconfig"; sourceTree = "<group>"; };
		2AE9C793A3809B6308E15EA0 /* Pods_FinalProject.framework */ = {isa = PBXFileReference; explicitFileType = wrapper.framework; includeInIndex = 0; path = Pods_FinalProject.framework; sourceTree = BUILT_PRODUCTS_DIR; };
		85C3D08855F38175DA6A7D4F /* Pods-FinalProject.release.xcconfig */ = {isa = PBXFileReference; includeInIndex = 1; lastKnownFileType = text.xcconfig; name = "Pods-FinalProject.release.xcconfig"; path = "Target Support Files/Pods-FinalProject/Pods-FinalProject.release.xcconfig"; sourceTree = "<group>"; };
/* End PBXFileReference section */

/* Begin PBXFrameworksBuildPhase section */
		04836BC72C42D0D10003EDC3 /* Frameworks */ = {
			isa = PBXFrameworksBuildPhase;
			buildActionMask = 2147483647;
			files = (
				4B6EAE32C038332E7AA722D1 /* Pods_FinalProject.framework in Frameworks */,
			);
			runOnlyForDeploymentPostprocessing = 0;
		};
/* End PBXFrameworksBuildPhase section */

/* Begin PBXGroup section */
		0408D66A2C5A7F8400D6A94D /* iconPicker */ = {
			isa = PBXGroup;
			children = (
				0408D66B2C5A7FC500D6A94D /* IconCollectionViewCell.swift */,
				0408D66D2C5A801200D6A94D /* IconPickerViewController.swift */,
			);
			name = iconPicker;
			sourceTree = "<group>";
		};
		0417FB712C5127C3005E31E4 /* setting */ = {
			isa = PBXGroup;
			children = (
				0417FB722C512874005E31E4 /* SettingsScreenViewController.swift */,
				0417FB752C512910005E31E4 /* ProfileTableViewCell.swift */,
				0417FB772C512974005E31E4 /* SettingsTableViewCell.swift */,
			);
			name = setting;
			sourceTree = "<group>";
		};
		0417FB792C5157A5005E31E4 /* home */ = {
			isa = PBXGroup;
			children = (
				0417FB7E2C515E18005E31E4 /* PostCardView.swift */,
				0417FB802C515E44005E31E4 /* PostsViewController.swift */,
			);
			name = home;
			sourceTree = "<group>";
		};
		04836BC12C42D0D10003EDC3 = {
			isa = PBXGroup;
			children = (
				04836BCC2C42D0D10003EDC3 /* FinalProject */,
				04836BCB2C42D0D10003EDC3 /* Products */,
				83E75388125CBDFE81E84E1E /* Pods */,
				0A0F9820ECC32347E58130BA /* Frameworks */,
			);
			sourceTree = "<group>";
		};
		04836BCB2C42D0D10003EDC3 /* Products */ = {
			isa = PBXGroup;
			children = (
				04836BCA2C42D0D10003EDC3 /* FinalProject.app */,
			);
			name = Products;
			sourceTree = "<group>";
		};
		04836BCC2C42D0D10003EDC3 /* FinalProject */ = {
			isa = PBXGroup;
			children = (
				0408D66A2C5A7F8400D6A94D /* iconPicker */,
				0417FB792C5157A5005E31E4 /* home */,
				0417FB712C5127C3005E31E4 /* setting */,
				04E59AC62C4CC75800DE5DCE /* test */,
				04E59AC02C4CBB6900DE5DCE /* FinalProjectDebug.entitlements */,
				04F94D252C4972AC00C6E3E7 /* screen */,
				04836BEA2C42D6650003EDC3 /* configColor */,
				04836BE22C42D4970003EDC3 /* auth */,
				04836BCD2C42D0D10003EDC3 /* AppDelegate.swift */,
				04836BCF2C42D0D10003EDC3 /* SceneDelegate.swift */,
				04836BD12C42D0D10003EDC3 /* ViewController.swift */,
				04836BD32C42D0D10003EDC3 /* Main.storyboard */,
				04836BD62C42D0D20003EDC3 /* Assets.xcassets */,
				04836BD82C42D0D20003EDC3 /* LaunchScreen.storyboard */,
				04836BDB2C42D0D20003EDC3 /* Info.plist */,
				0462EEE92C58E5F7000F775D /* ExpenseCategory.xcdatamodeld */,
			);
			path = FinalProject;
			sourceTree = "<group>";
		};
		04836BE22C42D4970003EDC3 /* auth */ = {
			isa = PBXGroup;
			children = (
				04836BE42C42D4E50003EDC3 /* SiginScreenViewController.swift */,
				04836BE32C42D4E50003EDC3 /* SignupScreenViewController.swift */,
				04836BED2C44C8EA0003EDC3 /* VerifyCodeViewController.swift */,
				04836BEF2C44CD0B0003EDC3 /* ForgotPasswordViewController.swift */,
				04F94D222C47A6FF00C6E3E7 /* CreateNewPasswordViewController.swift */,
			);
			name = auth;
			sourceTree = "<group>";
		};
		04836BEA2C42D6650003EDC3 /* configColor */ = {
			isa = PBXGroup;
			children = (
				04836BEB2C42D67A0003EDC3 /* color.swift */,
			);
			name = configColor;
			sourceTree = "<group>";
		};
		04E59AC62C4CC75800DE5DCE /* test */ = {
			isa = PBXGroup;
			children = (
				04E59AC22C4CC5E500DE5DCE /* TestViewController.swift */,
				04E59AC72C4CC77B00DE5DCE /* PaddedTableViewCell.swift */,
				0462EEE12C551790000F775D /* CollectionTableViewCell.swift */,
				0462EEE32C5517CE000F775D /* DisplayViewController.swift */,
				0462EEE52C551A49000F775D /* SectionsHeaderView.swift */,
				0462EEE72C58B184000F775D /* DashboardViewController.swift */,
				0462EEEC2C58E941000F775D /* CreateCategoryViewController.swift */,
				0462EEEE2C596EE7000F775D /* CustomDropDownCell.swift */,
			);
			name = test;
			sourceTree = "<group>";
		};
		04F94D252C4972AC00C6E3E7 /* screen */ = {
			isa = PBXGroup;
			children = (
				04F94D262C49734500C6E3E7 /* SettingViewController.swift */,
				04F94D282C49922300C6E3E7 /* SettingTableViewCell.swift */,
				0462EEDF2C53C92B000F775D /* LogoutTableViewCell.swift */,
				04F94D2A2C49987600C6E3E7 /* MainTabBarViewController.swift */,
				04F94D2C2C4998CB00C6E3E7 /* HomeViewController.swift */,
				0462EEDA2C52086A000F775D /* SectionHeaderView.swift */,
			);
			name = screen;
			sourceTree = "<group>";
		};
		0A0F9820ECC32347E58130BA /* Frameworks */ = {
			isa = PBXGroup;
			children = (
				2AE9C793A3809B6308E15EA0 /* Pods_FinalProject.framework */,
			);
			name = Frameworks;
			sourceTree = "<group>";
		};
		83E75388125CBDFE81E84E1E /* Pods */ = {
			isa = PBXGroup;
			children = (
				25654302EECC61CE4DE76F03 /* Pods-FinalProject.debug.xcconfig */,
				85C3D08855F38175DA6A7D4F /* Pods-FinalProject.release.xcconfig */,
			);
			path = Pods;
			sourceTree = "<group>";
		};
/* End PBXGroup section */

/* Begin PBXNativeTarget section */
		04836BC92C42D0D10003EDC3 /* FinalProject */ = {
			isa = PBXNativeTarget;
			buildConfigurationList = 04836BDE2C42D0D20003EDC3 /* Build configuration list for PBXNativeTarget "FinalProject" */;
			buildPhases = (
				0C07584FF6A8C396956B1AC5 /* [CP] Check Pods Manifest.lock */,
				04836BC62C42D0D10003EDC3 /* Sources */,
				04836BC72C42D0D10003EDC3 /* Frameworks */,
				04836BC82C42D0D10003EDC3 /* Resources */,
				BFEBA97564617986D6F822B0 /* [CP] Embed Pods Frameworks */,
			);
			buildRules = (
			);
			dependencies = (
			);
			name = FinalProject;
			productName = FinalProject;
			productReference = 04836BCA2C42D0D10003EDC3 /* FinalProject.app */;
			productType = "com.apple.product-type.application";
		};
/* End PBXNativeTarget section */

/* Begin PBXProject section */
		04836BC22C42D0D10003EDC3 /* Project object */ = {
			isa = PBXProject;
			attributes = {
				BuildIndependentTargetsInParallel = 1;
				LastSwiftUpdateCheck = 1540;
				LastUpgradeCheck = 1540;
				TargetAttributes = {
					04836BC92C42D0D10003EDC3 = {
						CreatedOnToolsVersion = 15.4;
					};
				};
			};
			buildConfigurationList = 04836BC52C42D0D10003EDC3 /* Build configuration list for PBXProject "FinalProject" */;
			compatibilityVersion = "Xcode 14.0";
			developmentRegion = en;
			hasScannedForEncodings = 0;
			knownRegions = (
				en,
				Base,
			);
			mainGroup = 04836BC12C42D0D10003EDC3;
			productRefGroup = 04836BCB2C42D0D10003EDC3 /* Products */;
			projectDirPath = "";
			projectRoot = "";
			targets = (
				04836BC92C42D0D10003EDC3 /* FinalProject */,
			);
		};
/* End PBXProject section */

/* Begin PBXResourcesBuildPhase section */
		04836BC82C42D0D10003EDC3 /* Resources */ = {
			isa = PBXResourcesBuildPhase;
			buildActionMask = 2147483647;
			files = (
				04836BD72C42D0D20003EDC3 /* Assets.xcassets in Resources */,
				04836BDA2C42D0D20003EDC3 /* Base in Resources */,
				04836BD52C42D0D10003EDC3 /* Base in Resources */,
			);
			runOnlyForDeploymentPostprocessing = 0;
		};
/* End PBXResourcesBuildPhase section */

/* Begin PBXShellScriptBuildPhase section */
		0C07584FF6A8C396956B1AC5 /* [CP] Check Pods Manifest.lock */ = {
			isa = PBXShellScriptBuildPhase;
			buildActionMask = 2147483647;
			files = (
			);
			inputFileListPaths = (
			);
			inputPaths = (
				"${PODS_PODFILE_DIR_PATH}/Podfile.lock",
				"${PODS_ROOT}/Manifest.lock",
			);
			name = "[CP] Check Pods Manifest.lock";
			outputFileListPaths = (
			);
			outputPaths = (
				"$(DERIVED_FILE_DIR)/Pods-FinalProject-checkManifestLockResult.txt",
			);
			runOnlyForDeploymentPostprocessing = 0;
			shellPath = /bin/sh;
			shellScript = "diff \"${PODS_PODFILE_DIR_PATH}/Podfile.lock\" \"${PODS_ROOT}/Manifest.lock\" > /dev/null\nif [ $? != 0 ] ; then\n    # print error to STDERR\n    echo \"error: The sandbox is not in sync with the Podfile.lock. Run 'pod install' or update your CocoaPods installation.\" >&2\n    exit 1\nfi\n# This output is used by Xcode 'outputs' to avoid re-running this script phase.\necho \"SUCCESS\" > \"${SCRIPT_OUTPUT_FILE_0}\"\n";
			showEnvVarsInLog = 0;
		};
		BFEBA97564617986D6F822B0 /* [CP] Embed Pods Frameworks */ = {
			isa = PBXShellScriptBuildPhase;
			buildActionMask = 2147483647;
			files = (
			);
			inputFileListPaths = (
				"${PODS_ROOT}/Target Support Files/Pods-FinalProject/Pods-FinalProject-frameworks-${CONFIGURATION}-input-files.xcfilelist",
			);
			name = "[CP] Embed Pods Frameworks";
			outputFileListPaths = (
				"${PODS_ROOT}/Target Support Files/Pods-FinalProject/Pods-FinalProject-frameworks-${CONFIGURATION}-output-files.xcfilelist",
			);
			runOnlyForDeploymentPostprocessing = 0;
			shellPath = /bin/sh;
			shellScript = "\"${PODS_ROOT}/Target Support Files/Pods-FinalProject/Pods-FinalProject-frameworks.sh\"\n";
			showEnvVarsInLog = 0;
		};
/* End PBXShellScriptBuildPhase section */

/* Begin PBXSourcesBuildPhase section */
		04836BC62C42D0D10003EDC3 /* Sources */ = {
			isa = PBXSourcesBuildPhase;
			buildActionMask = 2147483647;
			files = (
				04E59AC32C4CC5E500DE5DCE /* TestViewController.swift in Sources */,
				0417FB732C512874005E31E4 /* SettingsScreenViewController.swift in Sources */,
				0462EEE22C551790000F775D /* CollectionTableViewCell.swift in Sources */,
				0417FB782C512974005E31E4 /* SettingsTableViewCell.swift in Sources */,
				0462EEE62C551A49000F775D /* SectionsHeaderView.swift in Sources */,
				04F94D292C49922300C6E3E7 /* SettingTableViewCell.swift in Sources */,
				0462EEDB2C52086A000F775D /* SectionHeaderView.swift in Sources */,
				0462EEE82C58B184000F775D /* DashboardViewController.swift in Sources */,
				0417FB812C515E45005E31E4 /* PostsViewController.swift in Sources */,
				04836BF02C44CD0B0003EDC3 /* ForgotPasswordViewController.swift in Sources */,
				0417FB7F2C515E18005E31E4 /* PostCardView.swift in Sources */,
				0408D66E2C5A801200D6A94D /* IconPickerViewController.swift in Sources */,
				0408D66C2C5A7FC500D6A94D /* IconCollectionViewCell.swift in Sources */,
				04F94D232C47A6FF00C6E3E7 /* CreateNewPasswordViewController.swift in Sources */,
				04836BE52C42D4E50003EDC3 /* SignupScreenViewController.swift in Sources */,
				04836BEC2C42D67A0003EDC3 /* color.swift in Sources */,
				0462EEEF2C596EE7000F775D /* CustomDropDownCell.swift in Sources */,
				04836BE62C42D4E50003EDC3 /* SiginScreenViewController.swift in Sources */,
				04F94D272C49734500C6E3E7 /* SettingViewController.swift in Sources */,
				0462EEE02C53C92B000F775D /* LogoutTableViewCell.swift in Sources */,
				0462EEEB2C58E5F8000F775D /* ExpenseCategory.xcdatamodeld in Sources */,
				04836BEE2C44C8EA0003EDC3 /* VerifyCodeViewController.swift in Sources */,
				04836BD22C42D0D10003EDC3 /* ViewController.swift in Sources */,
				0417FB762C512910005E31E4 /* ProfileTableViewCell.swift in Sources */,
				04F94D2B2C49987600C6E3E7 /* MainTabBarViewController.swift in Sources */,
				0462EEE42C5517CE000F775D /* DisplayViewController.swift in Sources */,
				04836BCE2C42D0D10003EDC3 /* AppDelegate.swift in Sources */,
				04E59AC82C4CC77B00DE5DCE /* PaddedTableViewCell.swift in Sources */,
				04F94D2D2C4998CB00C6E3E7 /* HomeViewController.swift in Sources */,
				0462EEED2C58E941000F775D /* CreateCategoryViewController.swift in Sources */,
				04836BD02C42D0D10003EDC3 /* SceneDelegate.swift in Sources */,
			);
			runOnlyForDeploymentPostprocessing = 0;
		};
/* End PBXSourcesBuildPhase section */

/* Begin PBXVariantGroup section */
		04836BD32C42D0D10003EDC3 /* Main.storyboard */ = {
			isa = PBXVariantGroup;
			children = (
				04836BD42C42D0D10003EDC3 /* Base */,
			);
			name = Main.storyboard;
			sourceTree = "<group>";
		};
		04836BD82C42D0D20003EDC3 /* LaunchScreen.storyboard */ = {
			isa = PBXVariantGroup;
			children = (
				04836BD92C42D0D20003EDC3 /* Base */,
			);
			name = LaunchScreen.storyboard;
			sourceTree = "<group>";
		};
/* End PBXVariantGroup section */

/* Begin XCBuildConfiguration section */
		04836BDC2C42D0D20003EDC3 /* Debug */ = {
			isa = XCBuildConfiguration;
			buildSettings = {
				ALWAYS_SEARCH_USER_PATHS = NO;
				ASSETCATALOG_COMPILER_GENERATE_SWIFT_ASSET_SYMBOL_EXTENSIONS = YES;
				CLANG_ANALYZER_NONNULL = YES;
				CLANG_ANALYZER_NUMBER_OBJECT_CONVERSION = YES_AGGRESSIVE;
				CLANG_CXX_LANGUAGE_STANDARD = "gnu++20";
				CLANG_ENABLE_MODULES = YES;
				CLANG_ENABLE_OBJC_ARC = YES;
				CLANG_ENABLE_OBJC_WEAK = YES;
				CLANG_WARN_BLOCK_CAPTURE_AUTORELEASING = YES;
				CLANG_WARN_BOOL_CONVERSION = YES;
				CLANG_WARN_COMMA = YES;
				CLANG_WARN_CONSTANT_CONVERSION = YES;
				CLANG_WARN_DEPRECATED_OBJC_IMPLEMENTATIONS = YES;
				CLANG_WARN_DIRECT_OBJC_ISA_USAGE = YES_ERROR;
				CLANG_WARN_DOCUMENTATION_COMMENTS = YES;
				CLANG_WARN_EMPTY_BODY = YES;
				CLANG_WARN_ENUM_CONVERSION = YES;
				CLANG_WARN_INFINITE_RECURSION = YES;
				CLANG_WARN_INT_CONVERSION = YES;
				CLANG_WARN_NON_LITERAL_NULL_CONVERSION = YES;
				CLANG_WARN_OBJC_IMPLICIT_RETAIN_SELF = YES;
				CLANG_WARN_OBJC_LITERAL_CONVERSION = YES;
				CLANG_WARN_OBJC_ROOT_CLASS = YES_ERROR;
				CLANG_WARN_QUOTED_INCLUDE_IN_FRAMEWORK_HEADER = YES;
				CLANG_WARN_RANGE_LOOP_ANALYSIS = YES;
				CLANG_WARN_STRICT_PROTOTYPES = YES;
				CLANG_WARN_SUSPICIOUS_MOVE = YES;
				CLANG_WARN_UNGUARDED_AVAILABILITY = YES_AGGRESSIVE;
				CLANG_WARN_UNREACHABLE_CODE = YES;
				CLANG_WARN__DUPLICATE_METHOD_MATCH = YES;
				COPY_PHASE_STRIP = NO;
				DEBUG_INFORMATION_FORMAT = dwarf;
				ENABLE_STRICT_OBJC_MSGSEND = YES;
				ENABLE_TESTABILITY = YES;
				ENABLE_USER_SCRIPT_SANDBOXING = NO;
				GCC_C_LANGUAGE_STANDARD = gnu17;
				GCC_DYNAMIC_NO_PIC = NO;
				GCC_NO_COMMON_BLOCKS = YES;
				GCC_OPTIMIZATION_LEVEL = 0;
				GCC_PREPROCESSOR_DEFINITIONS = (
					"DEBUG=1",
					"$(inherited)",
				);
				GCC_WARN_64_TO_32_BIT_CONVERSION = YES;
				GCC_WARN_ABOUT_RETURN_TYPE = YES_ERROR;
				GCC_WARN_UNDECLARED_SELECTOR = YES;
				GCC_WARN_UNINITIALIZED_AUTOS = YES_AGGRESSIVE;
				GCC_WARN_UNUSED_FUNCTION = YES;
				GCC_WARN_UNUSED_VARIABLE = YES;
				IPHONEOS_DEPLOYMENT_TARGET = 17.5;
				LOCALIZATION_PREFERS_STRING_CATALOGS = YES;
				MTL_ENABLE_DEBUG_INFO = INCLUDE_SOURCE;
				MTL_FAST_MATH = YES;
				ONLY_ACTIVE_ARCH = YES;
				SDKROOT = iphoneos;
				SWIFT_ACTIVE_COMPILATION_CONDITIONS = "DEBUG $(inherited)";
				SWIFT_OPTIMIZATION_LEVEL = "-Onone";
			};
			name = Debug;
		};
		04836BDD2C42D0D20003EDC3 /* Release */ = {
			isa = XCBuildConfiguration;
			buildSettings = {
				ALWAYS_SEARCH_USER_PATHS = NO;
				ASSETCATALOG_COMPILER_GENERATE_SWIFT_ASSET_SYMBOL_EXTENSIONS = YES;
				CLANG_ANALYZER_NONNULL = YES;
				CLANG_ANALYZER_NUMBER_OBJECT_CONVERSION = YES_AGGRESSIVE;
				CLANG_CXX_LANGUAGE_STANDARD = "gnu++20";
				CLANG_ENABLE_MODULES = YES;
				CLANG_ENABLE_OBJC_ARC = YES;
				CLANG_ENABLE_OBJC_WEAK = YES;
				CLANG_WARN_BLOCK_CAPTURE_AUTORELEASING = YES;
				CLANG_WARN_BOOL_CONVERSION = YES;
				CLANG_WARN_COMMA = YES;
				CLANG_WARN_CONSTANT_CONVERSION = YES;
				CLANG_WARN_DEPRECATED_OBJC_IMPLEMENTATIONS = YES;
				CLANG_WARN_DIRECT_OBJC_ISA_USAGE = YES_ERROR;
				CLANG_WARN_DOCUMENTATION_COMMENTS = YES;
				CLANG_WARN_EMPTY_BODY = YES;
				CLANG_WARN_ENUM_CONVERSION = YES;
				CLANG_WARN_INFINITE_RECURSION = YES;
				CLANG_WARN_INT_CONVERSION = YES;
				CLANG_WARN_NON_LITERAL_NULL_CONVERSION = YES;
				CLANG_WARN_OBJC_IMPLICIT_RETAIN_SELF = YES;
				CLANG_WARN_OBJC_LITERAL_CONVERSION = YES;
				CLANG_WARN_OBJC_ROOT_CLASS = YES_ERROR;
				CLANG_WARN_QUOTED_INCLUDE_IN_FRAMEWORK_HEADER = YES;
				CLANG_WARN_RANGE_LOOP_ANALYSIS = YES;
				CLANG_WARN_STRICT_PROTOTYPES = YES;
				CLANG_WARN_SUSPICIOUS_MOVE = YES;
				CLANG_WARN_UNGUARDED_AVAILABILITY = YES_AGGRESSIVE;
				CLANG_WARN_UNREACHABLE_CODE = YES;
				CLANG_WARN__DUPLICATE_METHOD_MATCH = YES;
				COPY_PHASE_STRIP = NO;
				DEBUG_INFORMATION_FORMAT = "dwarf-with-dsym";
				ENABLE_NS_ASSERTIONS = NO;
				ENABLE_STRICT_OBJC_MSGSEND = YES;
				ENABLE_USER_SCRIPT_SANDBOXING = NO;
				GCC_C_LANGUAGE_STANDARD = gnu17;
				GCC_NO_COMMON_BLOCKS = YES;
				GCC_WARN_64_TO_32_BIT_CONVERSION = YES;
				GCC_WARN_ABOUT_RETURN_TYPE = YES_ERROR;
				GCC_WARN_UNDECLARED_SELECTOR = YES;
				GCC_WARN_UNINITIALIZED_AUTOS = YES_AGGRESSIVE;
				GCC_WARN_UNUSED_FUNCTION = YES;
				GCC_WARN_UNUSED_VARIABLE = YES;
				IPHONEOS_DEPLOYMENT_TARGET = 17.5;
				LOCALIZATION_PREFERS_STRING_CATALOGS = YES;
				MTL_ENABLE_DEBUG_INFO = NO;
				MTL_FAST_MATH = YES;
				SDKROOT = iphoneos;
				SWIFT_COMPILATION_MODE = wholemodule;
				VALIDATE_PRODUCT = YES;
			};
			name = Release;
		};
		04836BDF2C42D0D20003EDC3 /* Debug */ = {
			isa = XCBuildConfiguration;
			baseConfigurationReference = 25654302EECC61CE4DE76F03 /* Pods-FinalProject.debug.xcconfig */;
			buildSettings = {
				ASSETCATALOG_COMPILER_APPICON_NAME = AppIcon;
				ASSETCATALOG_COMPILER_GLOBAL_ACCENT_COLOR_NAME = AccentColor;
				CODE_SIGN_ENTITLEMENTS = FinalProject/FinalProjectDebug.entitlements;
				CODE_SIGN_STYLE = Automatic;
				CURRENT_PROJECT_VERSION = 1;
				DEVELOPMENT_TEAM = WR2JV6YTXN;
				GENERATE_INFOPLIST_FILE = YES;
				INFOPLIST_FILE = FinalProject/Info.plist;
				INFOPLIST_KEY_NSPhotoLibraryAddUsageDescription = "Pease allow access";
				INFOPLIST_KEY_UIApplicationSupportsIndirectInputEvents = YES;
				INFOPLIST_KEY_UILaunchStoryboardName = LaunchScreen;
				INFOPLIST_KEY_UIMainStoryboardFile = Main;
				INFOPLIST_KEY_UISupportedInterfaceOrientations_iPad = "UIInterfaceOrientationPortrait UIInterfaceOrientationPortraitUpsideDown UIInterfaceOrientationLandscapeLeft UIInterfaceOrientationLandscapeRight";
				INFOPLIST_KEY_UISupportedInterfaceOrientations_iPhone = "UIInterfaceOrientationPortrait UIInterfaceOrientationLandscapeLeft UIInterfaceOrientationLandscapeRight";
				IPHONEOS_DEPLOYMENT_TARGET = 13.0;
				LD_RUNPATH_SEARCH_PATHS = (
					"$(inherited)",
					"@executable_path/Frameworks",
				);
				MARKETING_VERSION = 1.0;
				PRODUCT_BUNDLE_IDENTIFIER = demo.FinalProject;
				PRODUCT_NAME = "$(TARGET_NAME)";
				SWIFT_EMIT_LOC_STRINGS = YES;
				SWIFT_VERSION = 5.0;
				TARGETED_DEVICE_FAMILY = "1,2";
			};
			name = Debug;
		};
		04836BE02C42D0D20003EDC3 /* Release */ = {
			isa = XCBuildConfiguration;
			baseConfigurationReference = 85C3D08855F38175DA6A7D4F /* Pods-FinalProject.release.xcconfig */;
			buildSettings = {
				ASSETCATALOG_COMPILER_APPICON_NAME = AppIcon;
				ASSETCATALOG_COMPILER_GLOBAL_ACCENT_COLOR_NAME = AccentColor;
				CODE_SIGN_STYLE = Automatic;
				CURRENT_PROJECT_VERSION = 1;
				DEVELOPMENT_TEAM = WR2JV6YTXN;
				GENERATE_INFOPLIST_FILE = YES;
				INFOPLIST_FILE = FinalProject/Info.plist;
				INFOPLIST_KEY_NSPhotoLibraryAddUsageDescription = "Pease allow access";
				INFOPLIST_KEY_UIApplicationSupportsIndirectInputEvents = YES;
				INFOPLIST_KEY_UILaunchStoryboardName = LaunchScreen;
				INFOPLIST_KEY_UIMainStoryboardFile = Main;
				INFOPLIST_KEY_UISupportedInterfaceOrientations_iPad = "UIInterfaceOrientationPortrait UIInterfaceOrientationPortraitUpsideDown UIInterfaceOrientationLandscapeLeft UIInterfaceOrientationLandscapeRight";
				INFOPLIST_KEY_UISupportedInterfaceOrientations_iPhone = "UIInterfaceOrientationPortrait UIInterfaceOrientationLandscapeLeft UIInterfaceOrientationLandscapeRight";
				IPHONEOS_DEPLOYMENT_TARGET = 13.0;
				LD_RUNPATH_SEARCH_PATHS = (
					"$(inherited)",
					"@executable_path/Frameworks",
				);
				MARKETING_VERSION = 1.0;
				PRODUCT_BUNDLE_IDENTIFIER = demo.FinalProject;
				PRODUCT_NAME = "$(TARGET_NAME)";
				SWIFT_EMIT_LOC_STRINGS = YES;
				SWIFT_VERSION = 5.0;
				TARGETED_DEVICE_FAMILY = "1,2";
			};
			name = Release;
		};
/* End XCBuildConfiguration section */

/* Begin XCConfigurationList section */
		04836BC52C42D0D10003EDC3 /* Build configuration list for PBXProject "FinalProject" */ = {
			isa = XCConfigurationList;
			buildConfigurations = (
				04836BDC2C42D0D20003EDC3 /* Debug */,
				04836BDD2C42D0D20003EDC3 /* Release */,
			);
			defaultConfigurationIsVisible = 0;
			defaultConfigurationName = Release;
		};
		04836BDE2C42D0D20003EDC3 /* Build configuration list for PBXNativeTarget "FinalProject" */ = {
			isa = XCConfigurationList;
			buildConfigurations = (
				04836BDF2C42D0D20003EDC3 /* Debug */,
				04836BE02C42D0D20003EDC3 /* Release */,
			);
			defaultConfigurationIsVisible = 0;
			defaultConfigurationName = Release;
		};
/* End XCConfigurationList section */

/* Begin XCVersionGroup section */
		0462EEE92C58E5F7000F775D /* ExpenseCategory.xcdatamodeld */ = {
			isa = XCVersionGroup;
			children = (
				0462EEEA2C58E5F8000F775D /* ExpenseCategory.xcdatamodel */,
			);
			currentVersion = 0462EEEA2C58E5F8000F775D /* ExpenseCategory.xcdatamodel */;
			name = ExpenseCategory.xcdatamodeld;
			path = "/Users/mac/Documents/swift /FinalProject/FinalProject/ExpenseCategory.xcdatamodeld";
			sourceTree = "<group>";
			versionGroupType = wrapper.xcdatamodel;
		};
/* End XCVersionGroup section */
	};
	rootObject = 04836BC22C42D0D10003EDC3 /* Project object */;
}
